
Microsoft Visual Studio Solution File, Format Version 12.00
# Visual Studio Version 16
VisualStudioVersion = 16.0.31624.102
MinimumVisualStudioVersion = 10.0.40219.1
Project("{FAE04EC0-301F-11D3-BF4B-00C04F79EFBC}") = "Calculator", "Calculator.csproj", "{221B9D80-F4DE-4109-87E8-CE9B94FC1624}"
EndProject
Global
	GlobalSection(SolutionConfigurationPlatforms) = preSolution
		Debug|Any CPU = Debug|Any CPU
		Release|Any CPU = Release|Any CPU
	EndGlobalSection
	GlobalSection(ProjectConfigurationPlatforms) = postSolution
		{221B9D80-F4DE-4109-87E8-CE9B94FC1624}.Debug|Any CPU.ActiveCfg = Debug|Any CPU
		{221B9D80-F4DE-4109-87E8-CE9B94FC1624}.Debug|Any CPU.Build.0 = Debug|Any CPU
		{221B9D80-F4DE-4109-87E8-CE9B94FC1624}.Release|Any CPU.ActiveCfg = Release|Any CPU
		{221B9D80-F4DE-4109-87E8-CE9B94FC1624}.Release|Any CPU.Build.0 = Release|Any CPU
	EndGlobalSection
	GlobalSection(SolutionProperties) = preSolution
		HideSolutionNode = FALSE
	EndGlobalSection
	GlobalSection(ExtensibilityGlobals) = postSolution
		SolutionGuid = {0D04EA0D-ED3D-4A83-9503-B9D5B15E8DBA}
	EndGlobalSection
EndGlobal
